
Microsoft Visual Studio Solution File, Format Version 12.00
# Visual Studio 15
VisualStudioVersion = 15.0.27130.2024
MinimumVisualStudioVersion = 10.0.40219.1
Project("{FAE04EC0-301F-11D3-BF4B-00C04F79EFBC}") = "EmployeeAPI", "WebAPI\EmployeeAPI.csproj", "{F5E3AB8A-6676-4492-BFFF-8B30BEBF45D8}"
EndProject
Global
	GlobalSection(SolutionConfigurationPlatforms) = preSolution
		Debug|Any CPU = Debug|Any CPU
		Release|Any CPU = Release|Any CPU
	EndGlobalSection
	GlobalSection(ProjectConfigurationPlatforms) = postSolution
		{F5E3AB8A-6676-4492-BFFF-8B30BEBF45D8}.Debug|Any CPU.ActiveCfg = Debug|Any CPU
		{F5E3AB8A-6676-4492-BFFF-8B30BEBF45D8}.Debug|Any CPU.Build.0 = Debug|Any CPU
		{F5E3AB8A-6676-4492-BFFF-8B30BEBF45D8}.Release|Any CPU.ActiveCfg = Release|Any CPU
		{F5E3AB8A-6676-4492-BFFF-8B30BEBF45D8}.Release|Any CPU.Build.0 = Release|Any CPU
	EndGlobalSection
	GlobalSection(SolutionProperties) = preSolution
		HideSolutionNode = FALSE
	EndGlobalSection
	GlobalSection(ExtensibilityGlobals) = postSolution
		SolutionGuid = {0C05F6FA-BAC4-4F12-BCC8-074F4FDA066C}
	EndGlobalSection
EndGlobal
